// !$*UTF8*$!
{
	archiveVersion = 1;
	classes = {
	};
	objectVersion = 46;
	objects = {

/* Begin PBXBuildFile section */
		0A7000CC1A380D910022E9AB /* SanityCheckFailure.swift in Sources */ = {isa = PBXBuildFile; fileRef = 0A7000CA1A380D910022E9AB /* SanityCheckFailure.swift */; };
		0A7000CD1A380D910022E9AB /* SanityCheckTestCase.swift in Sources */ = {isa = PBXBuildFile; fileRef = 0A7000CB1A380D910022E9AB /* SanityCheckTestCase.swift */; };
		0A9EBBAB195F359100C62D38 /* Sanity.h in Headers */ = {isa = PBXBuildFile; fileRef = 0A9EBBAA195F359100C62D38 /* Sanity.h */; settings = {ATTRIBUTES = (Public, ); }; };
		0A9EBBB1195F359100C62D38 /* Sanity.framework in Frameworks */ = {isa = PBXBuildFile; fileRef = 0A9EBBA5195F359100C62D38 /* Sanity.framework */; };
		0AD6F2741A352B2200D863A2 /* UIKitSwagger.framework in Frameworks */ = {isa = PBXBuildFile; fileRef = 0AD6F26F1A352B1C00D863A2 /* UIKitSwagger.framework */; };
		0AD6F2751A352B2600D863A2 /* UIKitSwagger.framework in Frameworks */ = {isa = PBXBuildFile; fileRef = 0AD6F26F1A352B1C00D863A2 /* UIKitSwagger.framework */; };
		0AE35C571A30122100EC2419 /* XCTest.framework in Frameworks */ = {isa = PBXBuildFile; fileRef = 0AE35C561A30122100EC2419 /* XCTest.framework */; };
/* End PBXBuildFile section */

/* Begin PBXContainerItemProxy section */
		0A9EBBB2195F359100C62D38 /* PBXContainerItemProxy */ = {
			isa = PBXContainerItemProxy;
			containerPortal = 0A9EBB9C195F359100C62D38 /* Project object */;
			proxyType = 1;
			remoteGlobalIDString = 0A9EBBA4195F359100C62D38;
			remoteInfo = Sanity;
		};
/* End PBXContainerItemProxy section */

/* Begin PBXFileReference section */
		0A7000CA1A380D910022E9AB /* SanityCheckFailure.swift */ = {isa = PBXFileReference; fileEncoding = 4; lastKnownFileType = sourcecode.swift; path = SanityCheckFailure.swift; sourceTree = "<group>"; };
		0A7000CB1A380D910022E9AB /* SanityCheckTestCase.swift */ = {isa = PBXFileReference; fileEncoding = 4; lastKnownFileType = sourcecode.swift; path = SanityCheckTestCase.swift; sourceTree = "<group>"; };
		0A9EBBA5195F359100C62D38 /* Sanity.framework */ = {isa = PBXFileReference; explicitFileType = wrapper.framework; includeInIndex = 0; path = Sanity.framework; sourceTree = BUILT_PRODUCTS_DIR; };
		0A9EBBA9195F359100C62D38 /* Info.plist */ = {isa = PBXFileReference; lastKnownFileType = text.plist.xml; path = Info.plist; sourceTree = "<group>"; };
		0A9EBBAA195F359100C62D38 /* Sanity.h */ = {isa = PBXFileReference; lastKnownFileType = sourcecode.c.h; path = Sanity.h; sourceTree = "<group>"; };
		0A9EBBB0195F359100C62D38 /* SanityTests.xctest */ = {isa = PBXFileReference; explicitFileType = wrapper.cfbundle; includeInIndex = 0; path = SanityTests.xctest; sourceTree = BUILT_PRODUCTS_DIR; };
		0A9EBBB6195F359100C62D38 /* Info.plist */ = {isa = PBXFileReference; lastKnownFileType = text.plist.xml; path = Info.plist; sourceTree = "<group>"; };
		0AE35C561A30122100EC2419 /* XCTest.framework */ = {isa = PBXFileReference; lastKnownFileType = wrapper.framework; path = XCTest.framework; sourceTree = "<group>"; };
/* End PBXFileReference section */

/* Begin PBXFrameworksBuildPhase section */
		0A9EBBA1195F359100C62D38 /* Frameworks */ = {
			isa = PBXFrameworksBuildPhase;
			buildActionMask = 2147483647;
			files = (
				0AD6F2741A352B2200D863A2 /* UIKitSwagger.framework in Frameworks */,
				0AE35C571A30122100EC2419 /* XCTest.framework in Frameworks */,
			);
			runOnlyForDeploymentPostprocessing = 0;
		};
		0A9EBBAD195F359100C62D38 /* Frameworks */ = {
			isa = PBXFrameworksBuildPhase;
			buildActionMask = 2147483647;
			files = (
				0AD6F2751A352B2600D863A2 /* UIKitSwagger.framework in Frameworks */,
				0A9EBBB1195F359100C62D38 /* Sanity.framework in Frameworks */,
			);
			runOnlyForDeploymentPostprocessing = 0;
		};
/* End PBXFrameworksBuildPhase section */

/* Begin PBXGroup section */
		0A9EBB9B195F359100C62D38 = {
			isa = PBXGroup;
			children = (
				0A9EBBA6195F359100C62D38 /* Products */,
				0A9EBBA7195F359100C62D38 /* Sanity */,
				0A9EBBB4195F359100C62D38 /* SanityTests */,
				0AE35C561A30122100EC2419 /* XCTest.framework */,
			);
			sourceTree = "<group>";
		};
		0A9EBBA6195F359100C62D38 /* Products */ = {
			isa = PBXGroup;
			children = (
				0A9EBBA5195F359100C62D38 /* Sanity.framework */,
				0A9EBBB0195F359100C62D38 /* SanityTests.xctest */,
			);
			name = Products;
			sourceTree = "<group>";
		};
		0A9EBBA7195F359100C62D38 /* Sanity */ = {
			isa = PBXGroup;
			children = (
				0A9EBBAA195F359100C62D38 /* Sanity.h */,
				0A9EBBA8195F359100C62D38 /* Supporting Files */,
			);
			path = Sanity;
			sourceTree = "<group>";
		};
		0A9EBBA8195F359100C62D38 /* Supporting Files */ = {
			isa = PBXGroup;
			children = (
				0A9EBBA9195F359100C62D38 /* Info.plist */,
			);
			name = "Supporting Files";
			sourceTree = "<group>";
		};
		0A9EBBB4195F359100C62D38 /* SanityTests */ = {
			isa = PBXGroup;
			children = (
				0A9EBBB5195F359100C62D38 /* Supporting Files */,
				0AE35C4F1A2FDBEB00EC2419 /* Tests */,
				0AE35C501A2FDBEB00EC2419 /* Tools */,
			);
			path = SanityTests;
			sourceTree = "<group>";
		};
		0A9EBBB5195F359100C62D38 /* Supporting Files */ = {
			isa = PBXGroup;
			children = (
				0A9EBBB6195F359100C62D38 /* Info.plist */,
			);
			name = "Supporting Files";
			sourceTree = "<group>";
		};
		0AE35C4F1A2FDBEB00EC2419 /* Tests */ = {
			isa = PBXGroup;
			children = (
				0A95FA1C1A301C7A00B8FDEF /* AspectRatioChecksTests.swift */,
				0AEE86041A36837500C52264 /* ObjectAssociationTests.swift */,
			);
			path = Tests;
			sourceTree = "<group>";
		};
		0AE35C501A2FDBEB00EC2419 /* Tools */ = {
			isa = PBXGroup;
			children = (
				0A7000CA1A380D910022E9AB /* SanityCheckFailure.swift */,
				0A7000CB1A380D910022E9AB /* SanityCheckTestCase.swift */,
			);
			path = Tools;
			sourceTree = "<group>";
		};
/* End PBXGroup section */

/* Begin PBXHeadersBuildPhase section */
		0A9EBBA2195F359100C62D38 /* Headers */ = {
			isa = PBXHeadersBuildPhase;
			buildActionMask = 2147483647;
			files = (
				0A9EBBAB195F359100C62D38 /* Sanity.h in Headers */,
			);
			runOnlyForDeploymentPostprocessing = 0;
		};
/* End PBXHeadersBuildPhase section */

/* Begin PBXNativeTarget section */
		0A9EBBA4195F359100C62D38 /* Sanity */ = {
			isa = PBXNativeTarget;
			buildConfigurationList = 0A9EBBBB195F359100C62D38 /* Build configuration list for PBXNativeTarget "Sanity" */;
			buildPhases = (
				0A9EBBA0195F359100C62D38 /* Sources */,
				0A9EBBA1195F359100C62D38 /* Frameworks */,
				0A9EBBA2195F359100C62D38 /* Headers */,
				0A9EBBA3195F359100C62D38 /* Resources */,
			);
			buildRules = (
			);
			dependencies = (
			);
			name = Sanity;
			productName = Sanity;
			productReference = 0A9EBBA5195F359100C62D38 /* Sanity.framework */;
			productType = "com.apple.product-type.framework";
		};
		0A9EBBAF195F359100C62D38 /* SanityTests */ = {
			isa = PBXNativeTarget;
			buildConfigurationList = 0A9EBBBE195F359100C62D38 /* Build configuration list for PBXNativeTarget "SanityTests" */;
			buildPhases = (
				0A9EBBAC195F359100C62D38 /* Sources */,
				0A9EBBAD195F359100C62D38 /* Frameworks */,
				0A9EBBAE195F359100C62D38 /* Resources */,
			);
			buildRules = (
			);
			dependencies = (
				0A9EBBB3195F359100C62D38 /* PBXTargetDependency */,
			);
			name = SanityTests;
			productName = SanityTests;
			productReference = 0A9EBBB0195F359100C62D38 /* SanityTests.xctest */;
			productType = "com.apple.product-type.bundle.unit-test";
		};
/* End PBXNativeTarget section */

/* Begin PBXProject section */
		0A9EBB9C195F359100C62D38 /* Project object */ = {
			isa = PBXProject;
			attributes = {
				LastUpgradeCheck = 0600;
				ORGANIZATIONNAME = "Sam Odom";
				TargetAttributes = {
					0A9EBBA4195F359100C62D38 = {
						CreatedOnToolsVersion = 6.0;
					};
					0A9EBBAF195F359100C62D38 = {
						CreatedOnToolsVersion = 6.0;
						TestTargetID = 0A9EBBA4195F359100C62D38;
					};
				};
			};
			buildConfigurationList = 0A9EBB9F195F359100C62D38 /* Build configuration list for PBXProject "Sanity" */;
			compatibilityVersion = "Xcode 3.2";
			developmentRegion = English;
			hasScannedForEncodings = 0;
			knownRegions = (
				en,
			);
			mainGroup = 0A9EBB9B195F359100C62D38;
			productRefGroup = 0A9EBBA6195F359100C62D38 /* Products */;
			projectDirPath = "";
			projectRoot = "";
			targets = (
				0A9EBBA4195F359100C62D38 /* Sanity */,
				0A9EBBAF195F359100C62D38 /* SanityTests */,
			);
		};
/* End PBXProject section */

/* Begin PBXResourcesBuildPhase section */
		0A9EBBA3195F359100C62D38 /* Resources */ = {
			isa = PBXResourcesBuildPhase;
			buildActionMask = 2147483647;
			files = (
			);
			runOnlyForDeploymentPostprocessing = 0;
		};
		0A9EBBAE195F359100C62D38 /* Resources */ = {
			isa = PBXResourcesBuildPhase;
			buildActionMask = 2147483647;
			files = (
			);
			runOnlyForDeploymentPostprocessing = 0;
		};
/* End PBXResourcesBuildPhase section */

/* Begin PBXSourcesBuildPhase section */
		0A9EBBA0195F359100C62D38 /* Sources */ = {
			isa = PBXSourcesBuildPhase;
			buildActionMask = 2147483647;
			files = (
			);
			runOnlyForDeploymentPostprocessing = 0;
		};
		0A9EBBAC195F359100C62D38 /* Sources */ = {
			isa = PBXSourcesBuildPhase;
			buildActionMask = 2147483647;
			files = (
				0A7000CD1A380D910022E9AB /* SanityCheckTestCase.swift in Sources */,
				0A7000CC1A380D910022E9AB /* SanityCheckFailure.swift in Sources */,
			);
			runOnlyForDeploymentPostprocessing = 0;
		};
/* End PBXSourcesBuildPhase section */

/* Begin PBXTargetDependency section */
		0A9EBBB3195F359100C62D38 /* PBXTargetDependency */ = {
			isa = PBXTargetDependency;
			target = 0A9EBBA4195F359100C62D38 /* Sanity */;
			targetProxy = 0A9EBBB2195F359100C62D38 /* PBXContainerItemProxy */;
		};
/* End PBXTargetDependency section */

/* Begin XCBuildConfiguration section */
		0A9EBBB9195F359100C62D38 /* Debug */ = {
			isa = XCBuildConfiguration;
			buildSettings = {
				ALWAYS_SEARCH_USER_PATHS = NO;
				CLANG_CXX_LANGUAGE_STANDARD = "gnu++0x";
				CLANG_CXX_LIBRARY = "libc++";
				CLANG_ENABLE_MODULES = YES;
				CLANG_ENABLE_OBJC_ARC = YES;
				CLANG_WARN_BOOL_CONVERSION = YES;
				CLANG_WARN_CONSTANT_CONVERSION = YES;
				CLANG_WARN_DIRECT_OBJC_ISA_USAGE = YES_ERROR;
				CLANG_WARN_EMPTY_BODY = YES;
				CLANG_WARN_ENUM_CONVERSION = YES;
				CLANG_WARN_INT_CONVERSION = YES;
				CLANG_WARN_OBJC_ROOT_CLASS = YES_ERROR;
				CLANG_WARN_UNREACHABLE_CODE = YES;
				CLANG_WARN__DUPLICATE_METHOD_MATCH = YES;
				"CODE_SIGN_IDENTITY[sdk=iphoneos*]" = "iPhone Developer";
				COPY_PHASE_STRIP = NO;
				CURRENT_PROJECT_VERSION = 1;
				ENABLE_STRICT_OBJC_MSGSEND = YES;
				GCC_C_LANGUAGE_STANDARD = gnu99;
				GCC_DYNAMIC_NO_PIC = NO;
				GCC_OPTIMIZATION_LEVEL = 0;
				GCC_PREPROCESSOR_DEFINITIONS = (
					"DEBUG=1",
					"$(inherited)",
				);
				GCC_SYMBOLS_PRIVATE_EXTERN = NO;
				GCC_WARN_64_TO_32_BIT_CONVERSION = YES;
				GCC_WARN_ABOUT_RETURN_TYPE = YES_ERROR;
				GCC_WARN_UNDECLARED_SELECTOR = YES;
				GCC_WARN_UNINITIALIZED_AUTOS = YES_AGGRESSIVE;
				GCC_WARN_UNUSED_FUNCTION = YES;
				GCC_WARN_UNUSED_VARIABLE = YES;
				IPHONEOS_DEPLOYMENT_TARGET = 8.0;
				METAL_ENABLE_DEBUG_INFO = YES;
				ONLY_ACTIVE_ARCH = YES;
				SDKROOT = iphoneos;
				SWIFT_OPTIMIZATION_LEVEL = "-Onone";
				TARGETED_DEVICE_FAMILY = "1,2";
				VERSIONING_SYSTEM = "apple-generic";
				VERSION_INFO_PREFIX = "";
			};
			name = Debug;
		};
		0A9EBBBA195F359100C62D38 /* Release */ = {
			isa = XCBuildConfiguration;
			buildSettings = {
				ALWAYS_SEARCH_USER_PATHS = NO;
				CLANG_CXX_LANGUAGE_STANDARD = "gnu++0x";
				CLANG_CXX_LIBRARY = "libc++";
				CLANG_ENABLE_MODULES = YES;
				CLANG_ENABLE_OBJC_ARC = YES;
				CLANG_WARN_BOOL_CONVERSION = YES;
				CLANG_WARN_CONSTANT_CONVERSION = YES;
				CLANG_WARN_DIRECT_OBJC_ISA_USAGE = YES_ERROR;
				CLANG_WARN_EMPTY_BODY = YES;
				CLANG_WARN_ENUM_CONVERSION = YES;
				CLANG_WARN_INT_CONVERSION = YES;
				CLANG_WARN_OBJC_ROOT_CLASS = YES_ERROR;
				CLANG_WARN_UNREACHABLE_CODE = YES;
				CLANG_WARN__DUPLICATE_METHOD_MATCH = YES;
				"CODE_SIGN_IDENTITY[sdk=iphoneos*]" = "iPhone Developer";
				COPY_PHASE_STRIP = YES;
				CURRENT_PROJECT_VERSION = 1;
				ENABLE_NS_ASSERTIONS = NO;
				ENABLE_STRICT_OBJC_MSGSEND = YES;
				GCC_C_LANGUAGE_STANDARD = gnu99;
				GCC_WARN_64_TO_32_BIT_CONVERSION = YES;
				GCC_WARN_ABOUT_RETURN_TYPE = YES_ERROR;
				GCC_WARN_UNDECLARED_SELECTOR = YES;
				GCC_WARN_UNINITIALIZED_AUTOS = YES_AGGRESSIVE;
				GCC_WARN_UNUSED_FUNCTION = YES;
				GCC_WARN_UNUSED_VARIABLE = YES;
				IPHONEOS_DEPLOYMENT_TARGET = 8.0;
				METAL_ENABLE_DEBUG_INFO = NO;
				SDKROOT = iphoneos;
				TARGETED_DEVICE_FAMILY = "1,2";
				VALIDATE_PRODUCT = YES;
				VERSIONING_SYSTEM = "apple-generic";
				VERSION_INFO_PREFIX = "";
			};
			name = Release;
		};
		0A9EBBBC195F359100C62D38 /* Debug */ = {
			isa = XCBuildConfiguration;
			buildSettings = {
				CLANG_ENABLE_MODULES = YES;
				DEFINES_MODULE = YES;
				DYLIB_COMPATIBILITY_VERSION = 1;
				DYLIB_CURRENT_VERSION = 1;
				DYLIB_INSTALL_NAME_BASE = "@rpath";
				EMBEDDED_CONTENT_CONTAINS_SWIFT = YES;
				FRAMEWORK_SEARCH_PATHS = (
					"$(inherited)",
					"$(PROJECT_DIR)",
				);
				INFOPLIST_FILE = Sanity/Info.plist;
				INSTALL_PATH = "$(LOCAL_LIBRARY_DIR)/Frameworks";
				LD_RUNPATH_SEARCH_PATHS = "$(inherited) @executable_path/Frameworks @loader_path/Frameworks";
				PRODUCT_NAME = "$(TARGET_NAME)";
				SKIP_INSTALL = YES;
				SWIFT_OPTIMIZATION_LEVEL = "-Onone";
			};
			name = Debug;
		};
		0A9EBBBD195F359100C62D38 /* Release */ = {
			isa = XCBuildConfiguration;
			buildSettings = {
				CLANG_ENABLE_MODULES = YES;
				DEFINES_MODULE = YES;
				DYLIB_COMPATIBILITY_VERSION = 1;
				DYLIB_CURRENT_VERSION = 1;
				DYLIB_INSTALL_NAME_BASE = "@rpath";
				EMBEDDED_CONTENT_CONTAINS_SWIFT = YES;
				FRAMEWORK_SEARCH_PATHS = (
					"$(inherited)",
					"$(PROJECT_DIR)",
				);
				INFOPLIST_FILE = Sanity/Info.plist;
				INSTALL_PATH = "$(LOCAL_LIBRARY_DIR)/Frameworks";
				LD_RUNPATH_SEARCH_PATHS = "$(inherited) @executable_path/Frameworks @loader_path/Frameworks";
				PRODUCT_NAME = "$(TARGET_NAME)";
				SKIP_INSTALL = YES;
			};
			name = Release;
		};
		0A9EBBBF195F359100C62D38 /* Debug */ = {
			isa = XCBuildConfiguration;
			buildSettings = {
				CLANG_ENABLE_MODULES = YES;
				FRAMEWORK_SEARCH_PATHS = (
					"$(SDKROOT)/Developer/Library/Frameworks",
					"$(inherited)",
					"$(PROJECT_DIR)",
				);
				GCC_PREPROCESSOR_DEFINITIONS = (
					"DEBUG=1",
					"$(inherited)",
				);
				INFOPLIST_FILE = SanityTests/Info.plist;
				LD_RUNPATH_SEARCH_PATHS = "$(inherited) @executable_path/Frameworks @loader_path/Frameworks";
				METAL_ENABLE_DEBUG_INFO = YES;
				PRODUCT_NAME = "$(TARGET_NAME)";
				SWIFT_OPTIMIZATION_LEVEL = "-Onone";
			};
			name = Debug;
		};
		0A9EBBC0195F359100C62D38 /* Release */ = {
			isa = XCBuildConfiguration;
			buildSettings = {
				CLANG_ENABLE_MODULES = YES;
				FRAMEWORK_SEARCH_PATHS = (
					"$(SDKROOT)/Developer/Library/Frameworks",
					"$(inherited)",
					"$(PROJECT_DIR)",
				);
				INFOPLIST_FILE = SanityTests/Info.plist;
				LD_RUNPATH_SEARCH_PATHS = "$(inherited) @executable_path/Frameworks @loader_path/Frameworks";
				METAL_ENABLE_DEBUG_INFO = NO;
				PRODUCT_NAME = "$(TARGET_NAME)";
			};
			name = Release;
		};
/* End XCBuildConfiguration section */

/* Begin XCConfigurationList section */
		0A9EBB9F195F359100C62D38 /* Build configuration list for PBXProject "Sanity" */ = {
			isa = XCConfigurationList;
			buildConfigurations = (
				0A9EBBB9195F359100C62D38 /* Debug */,
				0A9EBBBA195F359100C62D38 /* Release */,
			);
			defaultConfigurationIsVisible = 0;
			defaultConfigurationName = Release;
		};
		0A9EBBBB195F359100C62D38 /* Build configuration list for PBXNativeTarget "Sanity" */ = {
			isa = XCConfigurationList;
			buildConfigurations = (
				0A9EBBBC195F359100C62D38 /* Debug */,
				0A9EBBBD195F359100C62D38 /* Release */,
			);
			defaultConfigurationIsVisible = 0;
			defaultConfigurationName = Release;
		};
		0A9EBBBE195F359100C62D38 /* Build configuration list for PBXNativeTarget "SanityTests" */ = {
			isa = XCConfigurationList;
			buildConfigurations = (
				0A9EBBBF195F359100C62D38 /* Debug */,
				0A9EBBC0195F359100C62D38 /* Release */,
			);
			defaultConfigurationIsVisible = 0;
			defaultConfigurationName = Release;
		};
/* End XCConfigurationList section */
	};
	rootObject = 0A9EBB9C195F359100C62D38 /* Project object */;
}
