// !$*UTF8*$!
{
	archiveVersion = 1;
	classes = {
	};
	objectVersion = 46;
	objects = {

/* Begin PBXBuildFile section */
		0A17930C1A42953200E2CDD0 /* VerticalAlignmentChecksTests.swift in Sources */ = {isa = PBXBuildFile; fileRef = 0A17930B1A42953200E2CDD0 /* VerticalAlignmentChecksTests.swift */; };
		0A3E959F1AB60C5800AF2164 /* AppDelegate.swift in Sources */ = {isa = PBXBuildFile; fileRef = 0A3E959E1AB60C5800AF2164 /* AppDelegate.swift */; };
		0A3E95A41AB60C5800AF2164 /* Main.storyboard in Resources */ = {isa = PBXBuildFile; fileRef = 0A3E95A21AB60C5800AF2164 /* Main.storyboard */; };
		0A3E95A61AB60C5800AF2164 /* Images.xcassets in Resources */ = {isa = PBXBuildFile; fileRef = 0A3E95A51AB60C5800AF2164 /* Images.xcassets */; };
		0A3E95A91AB60C5800AF2164 /* LaunchScreen.xib in Resources */ = {isa = PBXBuildFile; fileRef = 0A3E95A71AB60C5800AF2164 /* LaunchScreen.xib */; };
		0A3E95BD1AB60CDA00AF2164 /* GoodViewController.swift in Sources */ = {isa = PBXBuildFile; fileRef = 0A3E95BC1AB60CDA00AF2164 /* GoodViewController.swift */; };
		0A3E95BF1AB60CE700AF2164 /* BadViewController.swift in Sources */ = {isa = PBXBuildFile; fileRef = 0A3E95BE1AB60CE700AF2164 /* BadViewController.swift */; };
		0A3E95C11AB60DFA00AF2164 /* EmptyViewController.swift in Sources */ = {isa = PBXBuildFile; fileRef = 0A3E95C01AB60DFA00AF2164 /* EmptyViewController.swift */; };
		0A4B37031A4149CC0088CD58 /* AutoLayoutCommon.swift in Sources */ = {isa = PBXBuildFile; fileRef = 0A4B37021A4149CC0088CD58 /* AutoLayoutCommon.swift */; };
		0A4B37041A4153EF0088CD58 /* AutoLayoutCommon.swift in Sources */ = {isa = PBXBuildFile; fileRef = 0A4B37021A4149CC0088CD58 /* AutoLayoutCommon.swift */; };
		0A4B37211A415C3A0088CD58 /* SanityCheckFailureReportParameters.swift in Sources */ = {isa = PBXBuildFile; fileRef = 0A4B37201A415C3A0088CD58 /* SanityCheckFailureReportParameters.swift */; };
		0A4B37221A415C3A0088CD58 /* SanityCheckFailureReportParameters.swift in Sources */ = {isa = PBXBuildFile; fileRef = 0A4B37201A415C3A0088CD58 /* SanityCheckFailureReportParameters.swift */; };
		0A4B37241A415CB00088CD58 /* XCTestCaseFailureReporting.swift in Sources */ = {isa = PBXBuildFile; fileRef = 0A4B37231A415CB00088CD58 /* XCTestCaseFailureReporting.swift */; };
		0A4B37251A415CB00088CD58 /* XCTestCaseFailureReporting.swift in Sources */ = {isa = PBXBuildFile; fileRef = 0A4B37231A415CB00088CD58 /* XCTestCaseFailureReporting.swift */; };
		0A7000CC1A380D910022E9AB /* SanityCheckFailure.swift in Sources */ = {isa = PBXBuildFile; fileRef = 0A7000CA1A380D910022E9AB /* SanityCheckFailure.swift */; };
		0A7000CD1A380D910022E9AB /* SanityCheckTestCase.swift in Sources */ = {isa = PBXBuildFile; fileRef = 0A7000CB1A380D910022E9AB /* SanityCheckTestCase.swift */; };
		0A7000D01A3A723B0022E9AB /* HorizontalAlignmentChecksTests.swift in Sources */ = {isa = PBXBuildFile; fileRef = 0A7000CF1A3A723B0022E9AB /* HorizontalAlignmentChecksTests.swift */; };
		0A95FA1D1A301C7A00B8FDEF /* AspectRatioChecksTests.swift in Sources */ = {isa = PBXBuildFile; fileRef = 0A95FA1C1A301C7A00B8FDEF /* AspectRatioChecksTests.swift */; };
		0A95FA221A3110C500B8FDEF /* AutoLayoutAspectRatioChecks.swift in Sources */ = {isa = PBXBuildFile; fileRef = 0A95FA211A3110C500B8FDEF /* AutoLayoutAspectRatioChecks.swift */; };
		0A95FA231A3110C500B8FDEF /* AutoLayoutAspectRatioChecks.swift in Sources */ = {isa = PBXBuildFile; fileRef = 0A95FA211A3110C500B8FDEF /* AutoLayoutAspectRatioChecks.swift */; };
		0A9EBBAB195F359100C62D38 /* Sanity.h in Headers */ = {isa = PBXBuildFile; fileRef = 0A9EBBAA195F359100C62D38 /* Sanity.h */; settings = {ATTRIBUTES = (Public, ); }; };
		0A9EBBB1195F359100C62D38 /* Sanity.framework in Frameworks */ = {isa = PBXBuildFile; fileRef = 0A9EBBA5195F359100C62D38 /* Sanity.framework */; };
		0ACADADF1A3A831000CF49F8 /* AutoLayoutAlignmentChecks.swift in Sources */ = {isa = PBXBuildFile; fileRef = 0ACADADE1A3A831000CF49F8 /* AutoLayoutAlignmentChecks.swift */; };
		0ACADAE01A3A831000CF49F8 /* AutoLayoutAlignmentChecks.swift in Sources */ = {isa = PBXBuildFile; fileRef = 0ACADADE1A3A831000CF49F8 /* AutoLayoutAlignmentChecks.swift */; };
		0AD6F2771A352D6200D863A2 /* UIKitFailureStrings.swift in Sources */ = {isa = PBXBuildFile; fileRef = 0AD6F2761A352D6200D863A2 /* UIKitFailureStrings.swift */; };
		0AD6F2781A352DB800D863A2 /* UIKitFailureStrings.swift in Sources */ = {isa = PBXBuildFile; fileRef = 0AD6F2761A352D6200D863A2 /* UIKitFailureStrings.swift */; };
		0AE35C571A30122100EC2419 /* XCTest.framework in Frameworks */ = {isa = PBXBuildFile; fileRef = 0AE35C561A30122100EC2419 /* XCTest.framework */; };
		1AC8EEBFCD8602C241734F72 /* Pods.framework in Frameworks */ = {isa = PBXBuildFile; fileRef = CB78ADDA074460E0253A9ECB /* Pods.framework */; settings = {ATTRIBUTES = (Weak, ); }; };
		76D2EE137D2D40FA11FC3819 /* Pods.framework in Frameworks */ = {isa = PBXBuildFile; fileRef = CB78ADDA074460E0253A9ECB /* Pods.framework */; settings = {ATTRIBUTES = (Weak, ); }; };
/* End PBXBuildFile section */

/* Begin PBXContainerItemProxy section */
		0A9EBBB2195F359100C62D38 /* PBXContainerItemProxy */ = {
			isa = PBXContainerItemProxy;
			containerPortal = 0A9EBB9C195F359100C62D38 /* Project object */;
			proxyType = 1;
			remoteGlobalIDString = 0A9EBBA4195F359100C62D38;
			remoteInfo = Sanity;
		};
/* End PBXContainerItemProxy section */

/* Begin PBXFileReference section */
		0A17930B1A42953200E2CDD0 /* VerticalAlignmentChecksTests.swift */ = {isa = PBXFileReference; fileEncoding = 4; lastKnownFileType = sourcecode.swift; path = VerticalAlignmentChecksTests.swift; sourceTree = "<group>"; };
		0A3E959A1AB60C5800AF2164 /* TestableApp.app */ = {isa = PBXFileReference; explicitFileType = wrapper.application; includeInIndex = 0; path = TestableApp.app; sourceTree = BUILT_PRODUCTS_DIR; };
		0A3E959D1AB60C5800AF2164 /* Info.plist */ = {isa = PBXFileReference; lastKnownFileType = text.plist.xml; path = Info.plist; sourceTree = "<group>"; };
		0A3E959E1AB60C5800AF2164 /* AppDelegate.swift */ = {isa = PBXFileReference; lastKnownFileType = sourcecode.swift; path = AppDelegate.swift; sourceTree = "<group>"; };
		0A3E95A31AB60C5800AF2164 /* Base */ = {isa = PBXFileReference; lastKnownFileType = file.storyboard; name = Base; path = Base.lproj/Main.storyboard; sourceTree = "<group>"; };
		0A3E95A51AB60C5800AF2164 /* Images.xcassets */ = {isa = PBXFileReference; lastKnownFileType = folder.assetcatalog; path = Images.xcassets; sourceTree = "<group>"; };
		0A3E95A81AB60C5800AF2164 /* Base */ = {isa = PBXFileReference; lastKnownFileType = file.xib; name = Base; path = Base.lproj/LaunchScreen.xib; sourceTree = "<group>"; };
		0A3E95B31AB60C5800AF2164 /* Info.plist */ = {isa = PBXFileReference; lastKnownFileType = text.plist.xml; path = Info.plist; sourceTree = "<group>"; };
		0A3E95B41AB60C5800AF2164 /* TestableAppTests.swift */ = {isa = PBXFileReference; lastKnownFileType = sourcecode.swift; path = TestableAppTests.swift; sourceTree = "<group>"; };
		0A3E95BC1AB60CDA00AF2164 /* GoodViewController.swift */ = {isa = PBXFileReference; fileEncoding = 4; lastKnownFileType = sourcecode.swift; path = GoodViewController.swift; sourceTree = "<group>"; };
		0A3E95BE1AB60CE700AF2164 /* BadViewController.swift */ = {isa = PBXFileReference; fileEncoding = 4; lastKnownFileType = sourcecode.swift; path = BadViewController.swift; sourceTree = "<group>"; };
		0A3E95C01AB60DFA00AF2164 /* EmptyViewController.swift */ = {isa = PBXFileReference; fileEncoding = 4; lastKnownFileType = sourcecode.swift; path = EmptyViewController.swift; sourceTree = "<group>"; };
		0A4B37021A4149CC0088CD58 /* AutoLayoutCommon.swift */ = {isa = PBXFileReference; fileEncoding = 4; lastKnownFileType = sourcecode.swift; path = AutoLayoutCommon.swift; sourceTree = "<group>"; };
		0A4B37201A415C3A0088CD58 /* SanityCheckFailureReportParameters.swift */ = {isa = PBXFileReference; fileEncoding = 4; lastKnownFileType = sourcecode.swift; path = SanityCheckFailureReportParameters.swift; sourceTree = "<group>"; };
		0A4B37231A415CB00088CD58 /* XCTestCaseFailureReporting.swift */ = {isa = PBXFileReference; fileEncoding = 4; lastKnownFileType = sourcecode.swift; path = XCTestCaseFailureReporting.swift; sourceTree = "<group>"; };
		0A7000CA1A380D910022E9AB /* SanityCheckFailure.swift */ = {isa = PBXFileReference; fileEncoding = 4; lastKnownFileType = sourcecode.swift; path = SanityCheckFailure.swift; sourceTree = "<group>"; };
		0A7000CB1A380D910022E9AB /* SanityCheckTestCase.swift */ = {isa = PBXFileReference; fileEncoding = 4; lastKnownFileType = sourcecode.swift; path = SanityCheckTestCase.swift; sourceTree = "<group>"; };
		0A7000CF1A3A723B0022E9AB /* HorizontalAlignmentChecksTests.swift */ = {isa = PBXFileReference; fileEncoding = 4; lastKnownFileType = sourcecode.swift; path = HorizontalAlignmentChecksTests.swift; sourceTree = "<group>"; };
		0A95FA1C1A301C7A00B8FDEF /* AspectRatioChecksTests.swift */ = {isa = PBXFileReference; fileEncoding = 4; lastKnownFileType = sourcecode.swift; path = AspectRatioChecksTests.swift; sourceTree = "<group>"; };
		0A95FA211A3110C500B8FDEF /* AutoLayoutAspectRatioChecks.swift */ = {isa = PBXFileReference; fileEncoding = 4; lastKnownFileType = sourcecode.swift; path = AutoLayoutAspectRatioChecks.swift; sourceTree = "<group>"; };
		0A9EBBA5195F359100C62D38 /* Sanity.framework */ = {isa = PBXFileReference; explicitFileType = wrapper.framework; includeInIndex = 0; path = Sanity.framework; sourceTree = BUILT_PRODUCTS_DIR; };
		0A9EBBA9195F359100C62D38 /* Info.plist */ = {isa = PBXFileReference; lastKnownFileType = text.plist.xml; path = Info.plist; sourceTree = "<group>"; };
		0A9EBBAA195F359100C62D38 /* Sanity.h */ = {isa = PBXFileReference; lastKnownFileType = sourcecode.c.h; path = Sanity.h; sourceTree = "<group>"; };
		0A9EBBB0195F359100C62D38 /* SanityTests.xctest */ = {isa = PBXFileReference; explicitFileType = wrapper.cfbundle; includeInIndex = 0; path = SanityTests.xctest; sourceTree = BUILT_PRODUCTS_DIR; };
		0A9EBBB6195F359100C62D38 /* Info.plist */ = {isa = PBXFileReference; lastKnownFileType = text.plist.xml; path = Info.plist; sourceTree = "<group>"; };
		0ACADADE1A3A831000CF49F8 /* AutoLayoutAlignmentChecks.swift */ = {isa = PBXFileReference; fileEncoding = 4; lastKnownFileType = sourcecode.swift; path = AutoLayoutAlignmentChecks.swift; sourceTree = "<group>"; };
		0AD6F2761A352D6200D863A2 /* UIKitFailureStrings.swift */ = {isa = PBXFileReference; fileEncoding = 4; lastKnownFileType = sourcecode.swift; path = UIKitFailureStrings.swift; sourceTree = "<group>"; };
		0AE35C561A30122100EC2419 /* XCTest.framework */ = {isa = PBXFileReference; lastKnownFileType = wrapper.framework; path = XCTest.framework; sourceTree = "<group>"; };
		B2B9EF51E256307D912B23DB /* Pods.release.xcconfig */ = {isa = PBXFileReference; includeInIndex = 1; lastKnownFileType = text.xcconfig; name = Pods.release.xcconfig; path = "Pods/Target Support Files/Pods/Pods.release.xcconfig"; sourceTree = "<group>"; };
		B7B50BAA491B617232FFB11B /* Pods.debug.xcconfig */ = {isa = PBXFileReference; includeInIndex = 1; lastKnownFileType = text.xcconfig; name = Pods.debug.xcconfig; path = "Pods/Target Support Files/Pods/Pods.debug.xcconfig"; sourceTree = "<group>"; };
		CB78ADDA074460E0253A9ECB /* Pods.framework */ = {isa = PBXFileReference; explicitFileType = wrapper.framework; includeInIndex = 0; path = Pods.framework; sourceTree = BUILT_PRODUCTS_DIR; };
/* End PBXFileReference section */

/* Begin PBXFrameworksBuildPhase section */
		0A3E95971AB60C5800AF2164 /* Frameworks */ = {
			isa = PBXFrameworksBuildPhase;
			buildActionMask = 2147483647;
			files = (
			);
			runOnlyForDeploymentPostprocessing = 0;
		};
		0A9EBBA1195F359100C62D38 /* Frameworks */ = {
			isa = PBXFrameworksBuildPhase;
			buildActionMask = 2147483647;
			files = (
				0AE35C571A30122100EC2419 /* XCTest.framework in Frameworks */,
				1AC8EEBFCD8602C241734F72 /* Pods.framework in Frameworks */,
			);
			runOnlyForDeploymentPostprocessing = 0;
		};
		0A9EBBAD195F359100C62D38 /* Frameworks */ = {
			isa = PBXFrameworksBuildPhase;
			buildActionMask = 2147483647;
			files = (
				0A9EBBB1195F359100C62D38 /* Sanity.framework in Frameworks */,
				76D2EE137D2D40FA11FC3819 /* Pods.framework in Frameworks */,
			);
			runOnlyForDeploymentPostprocessing = 0;
		};
/* End PBXFrameworksBuildPhase section */

/* Begin PBXGroup section */
		0855687310532AC65BD52EC2 /* Frameworks */ = {
			isa = PBXGroup;
			children = (
				CB78ADDA074460E0253A9ECB /* Pods.framework */,
			);
			name = Frameworks;
			sourceTree = "<group>";
		};
		0A3E959B1AB60C5800AF2164 /* TestableApp */ = {
			isa = PBXGroup;
			children = (
				0A3E959E1AB60C5800AF2164 /* AppDelegate.swift */,
				0A3E95BE1AB60CE700AF2164 /* BadViewController.swift */,
				0A3E95C01AB60DFA00AF2164 /* EmptyViewController.swift */,
				0A3E95BC1AB60CDA00AF2164 /* GoodViewController.swift */,
				0A3E95A51AB60C5800AF2164 /* Images.xcassets */,
				0A3E95A71AB60C5800AF2164 /* LaunchScreen.xib */,
				0A3E95A21AB60C5800AF2164 /* Main.storyboard */,
				0A3E959C1AB60C5800AF2164 /* Supporting Files */,
			);
			path = TestableApp;
			sourceTree = "<group>";
		};
		0A3E959C1AB60C5800AF2164 /* Supporting Files */ = {
			isa = PBXGroup;
			children = (
				0A3E959D1AB60C5800AF2164 /* Info.plist */,
			);
			name = "Supporting Files";
			sourceTree = "<group>";
		};
		0A3E95B11AB60C5800AF2164 /* TestableAppTests */ = {
			isa = PBXGroup;
			children = (
				0A3E95B41AB60C5800AF2164 /* TestableAppTests.swift */,
				0A3E95B21AB60C5800AF2164 /* Supporting Files */,
			);
			path = TestableAppTests;
			sourceTree = "<group>";
		};
		0A3E95B21AB60C5800AF2164 /* Supporting Files */ = {
			isa = PBXGroup;
			children = (
				0A3E95B31AB60C5800AF2164 /* Info.plist */,
			);
			name = "Supporting Files";
			sourceTree = "<group>";
		};
		0A4B371F1A415C0E0088CD58 /* Common */ = {
			isa = PBXGroup;
			children = (
				0A4B37201A415C3A0088CD58 /* SanityCheckFailureReportParameters.swift */,
				0A4B37231A415CB00088CD58 /* XCTestCaseFailureReporting.swift */,
			);
			path = Common;
			sourceTree = "<group>";
		};
		0A95FA1B1A301C1A00B8FDEF /* UIKit */ = {
			isa = PBXGroup;
			children = (
				0ACADADE1A3A831000CF49F8 /* AutoLayoutAlignmentChecks.swift */,
				0A95FA211A3110C500B8FDEF /* AutoLayoutAspectRatioChecks.swift */,
				0A4B37021A4149CC0088CD58 /* AutoLayoutCommon.swift */,
				0AD6F2761A352D6200D863A2 /* UIKitFailureStrings.swift */,
			);
			path = UIKit;
			sourceTree = "<group>";
		};
		0A9EBB9B195F359100C62D38 = {
			isa = PBXGroup;
			children = (
				0855687310532AC65BD52EC2 /* Frameworks */,
				E9803BC0A1496D70D6887E6A /* Pods */,
				0A9EBBA6195F359100C62D38 /* Products */,
				0A9EBBA7195F359100C62D38 /* Sanity */,
				0A9EBBB4195F359100C62D38 /* SanityTests */,
				0A3E959B1AB60C5800AF2164 /* TestableApp */,
				0A3E95B11AB60C5800AF2164 /* TestableAppTests */,
				0AE35C561A30122100EC2419 /* XCTest.framework */,
			);
			sourceTree = "<group>";
		};
		0A9EBBA6195F359100C62D38 /* Products */ = {
			isa = PBXGroup;
			children = (
				0A9EBBA5195F359100C62D38 /* Sanity.framework */,
				0A9EBBB0195F359100C62D38 /* SanityTests.xctest */,
				0A3E959A1AB60C5800AF2164 /* TestableApp.app */,
			);
			name = Products;
			sourceTree = "<group>";
		};
		0A9EBBA7195F359100C62D38 /* Sanity */ = {
			isa = PBXGroup;
			children = (
				0A4B371F1A415C0E0088CD58 /* Common */,
				0A9EBBAA195F359100C62D38 /* Sanity.h */,
				0A9EBBA8195F359100C62D38 /* Supporting Files */,
				0A95FA1B1A301C1A00B8FDEF /* UIKit */,
			);
			path = Sanity;
			sourceTree = "<group>";
		};
		0A9EBBA8195F359100C62D38 /* Supporting Files */ = {
			isa = PBXGroup;
			children = (
				0A9EBBA9195F359100C62D38 /* Info.plist */,
			);
			name = "Supporting Files";
			sourceTree = "<group>";
		};
		0A9EBBB4195F359100C62D38 /* SanityTests */ = {
			isa = PBXGroup;
			children = (
				0A9EBBB5195F359100C62D38 /* Supporting Files */,
				0AE35C4F1A2FDBEB00EC2419 /* Tests */,
				0AE35C501A2FDBEB00EC2419 /* Tools */,
			);
			path = SanityTests;
			sourceTree = "<group>";
		};
		0A9EBBB5195F359100C62D38 /* Supporting Files */ = {
			isa = PBXGroup;
			children = (
				0A9EBBB6195F359100C62D38 /* Info.plist */,
			);
			name = "Supporting Files";
			sourceTree = "<group>";
		};
		0AE35C4F1A2FDBEB00EC2419 /* Tests */ = {
			isa = PBXGroup;
			children = (
				0A95FA1C1A301C7A00B8FDEF /* AspectRatioChecksTests.swift */,
				0A7000CF1A3A723B0022E9AB /* HorizontalAlignmentChecksTests.swift */,
				0A17930B1A42953200E2CDD0 /* VerticalAlignmentChecksTests.swift */,
			);
			path = Tests;
			sourceTree = "<group>";
		};
		0AE35C501A2FDBEB00EC2419 /* Tools */ = {
			isa = PBXGroup;
			children = (
				0A7000CA1A380D910022E9AB /* SanityCheckFailure.swift */,
				0A7000CB1A380D910022E9AB /* SanityCheckTestCase.swift */,
			);
			path = Tools;
			sourceTree = "<group>";
		};
		E9803BC0A1496D70D6887E6A /* Pods */ = {
			isa = PBXGroup;
			children = (
				B7B50BAA491B617232FFB11B /* Pods.debug.xcconfig */,
				B2B9EF51E256307D912B23DB /* Pods.release.xcconfig */,
			);
			name = Pods;
			sourceTree = "<group>";
		};
/* End PBXGroup section */

/* Begin PBXHeadersBuildPhase section */
		0A9EBBA2195F359100C62D38 /* Headers */ = {
			isa = PBXHeadersBuildPhase;
			buildActionMask = 2147483647;
			files = (
				0A9EBBAB195F359100C62D38 /* Sanity.h in Headers */,
			);
			runOnlyForDeploymentPostprocessing = 0;
		};
/* End PBXHeadersBuildPhase section */

/* Begin PBXNativeTarget section */
		0A3E95991AB60C5800AF2164 /* TestableApp */ = {
			isa = PBXNativeTarget;
			buildConfigurationList = 0A3E95BA1AB60C5800AF2164 /* Build configuration list for PBXNativeTarget "TestableApp" */;
			buildPhases = (
				0A3E95961AB60C5800AF2164 /* Sources */,
				0A3E95971AB60C5800AF2164 /* Frameworks */,
				0A3E95981AB60C5800AF2164 /* Resources */,
			);
			buildRules = (
			);
			dependencies = (
			);
			name = TestableApp;
			productName = TestableApp;
			productReference = 0A3E959A1AB60C5800AF2164 /* TestableApp.app */;
			productType = "com.apple.product-type.application";
		};
		0A9EBBA4195F359100C62D38 /* Sanity */ = {
			isa = PBXNativeTarget;
			buildConfigurationList = 0A9EBBBB195F359100C62D38 /* Build configuration list for PBXNativeTarget "Sanity" */;
			buildPhases = (
				214CA9A5DE1AF2E694E23D9E /* Check Pods Manifest.lock */,
				0A9EBBA0195F359100C62D38 /* Sources */,
				0A9EBBA1195F359100C62D38 /* Frameworks */,
				0A9EBBA2195F359100C62D38 /* Headers */,
				0A9EBBA3195F359100C62D38 /* Resources */,
				02D0F217348ECE3D0AD55031 /* Embed Pods Frameworks */,
				E42681AFB06D630063A47901 /* Copy Pods Resources */,
			);
			buildRules = (
			);
			dependencies = (
			);
			name = Sanity;
			productName = Sanity;
			productReference = 0A9EBBA5195F359100C62D38 /* Sanity.framework */;
			productType = "com.apple.product-type.framework";
		};
		0A9EBBAF195F359100C62D38 /* SanityTests */ = {
			isa = PBXNativeTarget;
			buildConfigurationList = 0A9EBBBE195F359100C62D38 /* Build configuration list for PBXNativeTarget "SanityTests" */;
			buildPhases = (
				F8648C285C9CAE5DF2F1FF8C /* Check Pods Manifest.lock */,
				0A9EBBAC195F359100C62D38 /* Sources */,
				0A9EBBAD195F359100C62D38 /* Frameworks */,
				0A9EBBAE195F359100C62D38 /* Resources */,
				834D7189ED0677A63EA7F808 /* Embed Pods Frameworks */,
				6ADD69F86025C30E07D11EB3 /* Copy Pods Resources */,
			);
			buildRules = (
			);
			dependencies = (
				0A9EBBB3195F359100C62D38 /* PBXTargetDependency */,
			);
			name = SanityTests;
			productName = SanityTests;
			productReference = 0A9EBBB0195F359100C62D38 /* SanityTests.xctest */;
			productType = "com.apple.product-type.bundle.unit-test";
		};
/* End PBXNativeTarget section */

/* Begin PBXProject section */
		0A9EBB9C195F359100C62D38 /* Project object */ = {
			isa = PBXProject;
			attributes = {
				LastUpgradeCheck = 0600;
				ORGANIZATIONNAME = "Sam Odom";
				TargetAttributes = {
					0A3E95991AB60C5800AF2164 = {
						CreatedOnToolsVersion = 6.3;
					};
					0A9EBBA4195F359100C62D38 = {
						CreatedOnToolsVersion = 6.0;
					};
					0A9EBBAF195F359100C62D38 = {
						CreatedOnToolsVersion = 6.0;
						TestTargetID = 0A9EBBA4195F359100C62D38;
					};
				};
			};
			buildConfigurationList = 0A9EBB9F195F359100C62D38 /* Build configuration list for PBXProject "Sanity" */;
			compatibilityVersion = "Xcode 3.2";
			developmentRegion = English;
			hasScannedForEncodings = 0;
			knownRegions = (
				en,
				Base,
			);
			mainGroup = 0A9EBB9B195F359100C62D38;
			productRefGroup = 0A9EBBA6195F359100C62D38 /* Products */;
			projectDirPath = "";
			projectRoot = "";
			targets = (
				0A9EBBA4195F359100C62D38 /* Sanity */,
				0A9EBBAF195F359100C62D38 /* SanityTests */,
				0A3E95991AB60C5800AF2164 /* TestableApp */,
			);
		};
/* End PBXProject section */

/* Begin PBXResourcesBuildPhase section */
		0A3E95981AB60C5800AF2164 /* Resources */ = {
			isa = PBXResourcesBuildPhase;
			buildActionMask = 2147483647;
			files = (
				0A3E95A41AB60C5800AF2164 /* Main.storyboard in Resources */,
				0A3E95A91AB60C5800AF2164 /* LaunchScreen.xib in Resources */,
				0A3E95A61AB60C5800AF2164 /* Images.xcassets in Resources */,
			);
			runOnlyForDeploymentPostprocessing = 0;
		};
		0A9EBBA3195F359100C62D38 /* Resources */ = {
			isa = PBXResourcesBuildPhase;
			buildActionMask = 2147483647;
			files = (
			);
			runOnlyForDeploymentPostprocessing = 0;
		};
		0A9EBBAE195F359100C62D38 /* Resources */ = {
			isa = PBXResourcesBuildPhase;
			buildActionMask = 2147483647;
			files = (
			);
			runOnlyForDeploymentPostprocessing = 0;
		};
/* End PBXResourcesBuildPhase section */

/* Begin PBXShellScriptBuildPhase section */
		02D0F217348ECE3D0AD55031 /* Embed Pods Frameworks */ = {
			isa = PBXShellScriptBuildPhase;
			buildActionMask = 2147483647;
			files = (
			);
			inputPaths = (
			);
			name = "Embed Pods Frameworks";
			outputPaths = (
			);
			runOnlyForDeploymentPostprocessing = 0;
			shellPath = /bin/sh;
			shellScript = "\"${SRCROOT}/Pods/Target Support Files/Pods/Pods-frameworks.sh\"\n";
			showEnvVarsInLog = 0;
		};
		214CA9A5DE1AF2E694E23D9E /* Check Pods Manifest.lock */ = {
			isa = PBXShellScriptBuildPhase;
			buildActionMask = 2147483647;
			files = (
			);
			inputPaths = (
			);
			name = "Check Pods Manifest.lock";
			outputPaths = (
			);
			runOnlyForDeploymentPostprocessing = 0;
			shellPath = /bin/sh;
			shellScript = "diff \"${PODS_ROOT}/../Podfile.lock\" \"${PODS_ROOT}/Manifest.lock\" > /dev/null\nif [[ $? != 0 ]] ; then\n    cat << EOM\nerror: The sandbox is not in sync with the Podfile.lock. Run 'pod install' or update your CocoaPods installation.\nEOM\n    exit 1\nfi\n";
			showEnvVarsInLog = 0;
		};
		6ADD69F86025C30E07D11EB3 /* Copy Pods Resources */ = {
			isa = PBXShellScriptBuildPhase;
			buildActionMask = 2147483647;
			files = (
			);
			inputPaths = (
			);
			name = "Copy Pods Resources";
			outputPaths = (
			);
			runOnlyForDeploymentPostprocessing = 0;
			shellPath = /bin/sh;
			shellScript = "\"${SRCROOT}/Pods/Target Support Files/Pods/Pods-resources.sh\"\n";
			showEnvVarsInLog = 0;
		};
		834D7189ED0677A63EA7F808 /* Embed Pods Frameworks */ = {
			isa = PBXShellScriptBuildPhase;
			buildActionMask = 2147483647;
			files = (
			);
			inputPaths = (
			);
			name = "Embed Pods Frameworks";
			outputPaths = (
			);
			runOnlyForDeploymentPostprocessing = 0;
			shellPath = /bin/sh;
			shellScript = "\"${SRCROOT}/Pods/Target Support Files/Pods/Pods-frameworks.sh\"\n";
			showEnvVarsInLog = 0;
		};
		E42681AFB06D630063A47901 /* Copy Pods Resources */ = {
			isa = PBXShellScriptBuildPhase;
			buildActionMask = 2147483647;
			files = (
			);
			inputPaths = (
			);
			name = "Copy Pods Resources";
			outputPaths = (
			);
			runOnlyForDeploymentPostprocessing = 0;
			shellPath = /bin/sh;
			shellScript = "\"${SRCROOT}/Pods/Target Support Files/Pods/Pods-resources.sh\"\n";
			showEnvVarsInLog = 0;
		};
		F8648C285C9CAE5DF2F1FF8C /* Check Pods Manifest.lock */ = {
			isa = PBXShellScriptBuildPhase;
			buildActionMask = 2147483647;
			files = (
			);
			inputPaths = (
			);
			name = "Check Pods Manifest.lock";
			outputPaths = (
			);
			runOnlyForDeploymentPostprocessing = 0;
			shellPath = /bin/sh;
			shellScript = "diff \"${PODS_ROOT}/../Podfile.lock\" \"${PODS_ROOT}/Manifest.lock\" > /dev/null\nif [[ $? != 0 ]] ; then\n    cat << EOM\nerror: The sandbox is not in sync with the Podfile.lock. Run 'pod install' or update your CocoaPods installation.\nEOM\n    exit 1\nfi\n";
			showEnvVarsInLog = 0;
		};
/* End PBXShellScriptBuildPhase section */

/* Begin PBXSourcesBuildPhase section */
		0A3E95961AB60C5800AF2164 /* Sources */ = {
			isa = PBXSourcesBuildPhase;
			buildActionMask = 2147483647;
			files = (
				0A3E959F1AB60C5800AF2164 /* AppDelegate.swift in Sources */,
				0A3E95BF1AB60CE700AF2164 /* BadViewController.swift in Sources */,
				0A3E95C11AB60DFA00AF2164 /* EmptyViewController.swift in Sources */,
				0A3E95BD1AB60CDA00AF2164 /* GoodViewController.swift in Sources */,
			);
			runOnlyForDeploymentPostprocessing = 0;
		};
		0A9EBBA0195F359100C62D38 /* Sources */ = {
			isa = PBXSourcesBuildPhase;
			buildActionMask = 2147483647;
			files = (
				0A4B37241A415CB00088CD58 /* XCTestCaseFailureReporting.swift in Sources */,
				0AD6F2771A352D6200D863A2 /* UIKitFailureStrings.swift in Sources */,
				0A4B37031A4149CC0088CD58 /* AutoLayoutCommon.swift in Sources */,
				0ACADADF1A3A831000CF49F8 /* AutoLayoutAlignmentChecks.swift in Sources */,
				0A95FA221A3110C500B8FDEF /* AutoLayoutAspectRatioChecks.swift in Sources */,
				0A4B37211A415C3A0088CD58 /* SanityCheckFailureReportParameters.swift in Sources */,
			);
			runOnlyForDeploymentPostprocessing = 0;
		};
		0A9EBBAC195F359100C62D38 /* Sources */ = {
			isa = PBXSourcesBuildPhase;
			buildActionMask = 2147483647;
			files = (
				0A7000CD1A380D910022E9AB /* SanityCheckTestCase.swift in Sources */,
				0A4B37041A4153EF0088CD58 /* AutoLayoutCommon.swift in Sources */,
				0A4B37251A415CB00088CD58 /* XCTestCaseFailureReporting.swift in Sources */,
				0A7000D01A3A723B0022E9AB /* HorizontalAlignmentChecksTests.swift in Sources */,
				0A4B37221A415C3A0088CD58 /* SanityCheckFailureReportParameters.swift in Sources */,
				0A95FA231A3110C500B8FDEF /* AutoLayoutAspectRatioChecks.swift in Sources */,
				0ACADAE01A3A831000CF49F8 /* AutoLayoutAlignmentChecks.swift in Sources */,
				0A95FA1D1A301C7A00B8FDEF /* AspectRatioChecksTests.swift in Sources */,
				0A7000CC1A380D910022E9AB /* SanityCheckFailure.swift in Sources */,
				0A17930C1A42953200E2CDD0 /* VerticalAlignmentChecksTests.swift in Sources */,
				0AD6F2781A352DB800D863A2 /* UIKitFailureStrings.swift in Sources */,
			);
			runOnlyForDeploymentPostprocessing = 0;
		};
/* End PBXSourcesBuildPhase section */

/* Begin PBXTargetDependency section */
		0A9EBBB3195F359100C62D38 /* PBXTargetDependency */ = {
			isa = PBXTargetDependency;
			target = 0A9EBBA4195F359100C62D38 /* Sanity */;
			targetProxy = 0A9EBBB2195F359100C62D38 /* PBXContainerItemProxy */;
		};
/* End PBXTargetDependency section */

/* Begin PBXVariantGroup section */
		0A3E95A21AB60C5800AF2164 /* Main.storyboard */ = {
			isa = PBXVariantGroup;
			children = (
				0A3E95A31AB60C5800AF2164 /* Base */,
			);
			name = Main.storyboard;
			sourceTree = "<group>";
		};
		0A3E95A71AB60C5800AF2164 /* LaunchScreen.xib */ = {
			isa = PBXVariantGroup;
			children = (
				0A3E95A81AB60C5800AF2164 /* Base */,
			);
			name = LaunchScreen.xib;
			sourceTree = "<group>";
		};
/* End PBXVariantGroup section */

/* Begin XCBuildConfiguration section */
		0A3E95B61AB60C5800AF2164 /* Debug */ = {
			isa = XCBuildConfiguration;
			buildSettings = {
				ASSETCATALOG_COMPILER_APPICON_NAME = AppIcon;
				DEBUG_INFORMATION_FORMAT = "dwarf-with-dsym";
				GCC_NO_COMMON_BLOCKS = YES;
				GCC_PREPROCESSOR_DEFINITIONS = (
					"DEBUG=1",
					"$(inherited)",
				);
				INFOPLIST_FILE = TestableApp/Info.plist;
				IPHONEOS_DEPLOYMENT_TARGET = 8.0;
				LD_RUNPATH_SEARCH_PATHS = "$(inherited) @executable_path/Frameworks";
				MTL_ENABLE_DEBUG_INFO = YES;
				PRODUCT_NAME = "$(TARGET_NAME)";
			};
			name = Debug;
		};
		0A3E95B71AB60C5800AF2164 /* Release */ = {
			isa = XCBuildConfiguration;
			buildSettings = {
				ASSETCATALOG_COMPILER_APPICON_NAME = AppIcon;
				COPY_PHASE_STRIP = NO;
				DEBUG_INFORMATION_FORMAT = "dwarf-with-dsym";
				GCC_NO_COMMON_BLOCKS = YES;
				INFOPLIST_FILE = TestableApp/Info.plist;
				IPHONEOS_DEPLOYMENT_TARGET = 8.0;
				LD_RUNPATH_SEARCH_PATHS = "$(inherited) @executable_path/Frameworks";
				MTL_ENABLE_DEBUG_INFO = NO;
				PRODUCT_NAME = "$(TARGET_NAME)";
			};
			name = Release;
		};
		0A9EBBB9195F359100C62D38 /* Debug */ = {
			isa = XCBuildConfiguration;
			buildSettings = {
				ALWAYS_SEARCH_USER_PATHS = NO;
				CLANG_CXX_LANGUAGE_STANDARD = "gnu++0x";
				CLANG_CXX_LIBRARY = "libc++";
				CLANG_ENABLE_MODULES = YES;
				CLANG_ENABLE_OBJC_ARC = YES;
				CLANG_WARN_BOOL_CONVERSION = YES;
				CLANG_WARN_CONSTANT_CONVERSION = YES;
				CLANG_WARN_DIRECT_OBJC_ISA_USAGE = YES_ERROR;
				CLANG_WARN_EMPTY_BODY = YES;
				CLANG_WARN_ENUM_CONVERSION = YES;
				CLANG_WARN_INT_CONVERSION = YES;
				CLANG_WARN_OBJC_ROOT_CLASS = YES_ERROR;
				CLANG_WARN_UNREACHABLE_CODE = YES;
				CLANG_WARN__DUPLICATE_METHOD_MATCH = YES;
				"CODE_SIGN_IDENTITY[sdk=iphoneos*]" = "iPhone Developer";
				COPY_PHASE_STRIP = NO;
				CURRENT_PROJECT_VERSION = 1;
				ENABLE_STRICT_OBJC_MSGSEND = YES;
				GCC_C_LANGUAGE_STANDARD = gnu99;
				GCC_DYNAMIC_NO_PIC = NO;
				GCC_OPTIMIZATION_LEVEL = 0;
				GCC_PREPROCESSOR_DEFINITIONS = (
					"DEBUG=1",
					"$(inherited)",
				);
				GCC_SYMBOLS_PRIVATE_EXTERN = NO;
				GCC_WARN_64_TO_32_BIT_CONVERSION = YES;
				GCC_WARN_ABOUT_RETURN_TYPE = YES_ERROR;
				GCC_WARN_UNDECLARED_SELECTOR = YES;
				GCC_WARN_UNINITIALIZED_AUTOS = YES_AGGRESSIVE;
				GCC_WARN_UNUSED_FUNCTION = YES;
				GCC_WARN_UNUSED_VARIABLE = YES;
				IPHONEOS_DEPLOYMENT_TARGET = 8.0;
				METAL_ENABLE_DEBUG_INFO = YES;
				ONLY_ACTIVE_ARCH = YES;
				SDKROOT = iphoneos;
				SWIFT_OPTIMIZATION_LEVEL = "-Onone";
				TARGETED_DEVICE_FAMILY = "1,2";
				VERSIONING_SYSTEM = "apple-generic";
				VERSION_INFO_PREFIX = "";
			};
			name = Debug;
		};
		0A9EBBBA195F359100C62D38 /* Release */ = {
			isa = XCBuildConfiguration;
			buildSettings = {
				ALWAYS_SEARCH_USER_PATHS = NO;
				CLANG_CXX_LANGUAGE_STANDARD = "gnu++0x";
				CLANG_CXX_LIBRARY = "libc++";
				CLANG_ENABLE_MODULES = YES;
				CLANG_ENABLE_OBJC_ARC = YES;
				CLANG_WARN_BOOL_CONVERSION = YES;
				CLANG_WARN_CONSTANT_CONVERSION = YES;
				CLANG_WARN_DIRECT_OBJC_ISA_USAGE = YES_ERROR;
				CLANG_WARN_EMPTY_BODY = YES;
				CLANG_WARN_ENUM_CONVERSION = YES;
				CLANG_WARN_INT_CONVERSION = YES;
				CLANG_WARN_OBJC_ROOT_CLASS = YES_ERROR;
				CLANG_WARN_UNREACHABLE_CODE = YES;
				CLANG_WARN__DUPLICATE_METHOD_MATCH = YES;
				"CODE_SIGN_IDENTITY[sdk=iphoneos*]" = "iPhone Developer";
				COPY_PHASE_STRIP = YES;
				CURRENT_PROJECT_VERSION = 1;
				ENABLE_NS_ASSERTIONS = NO;
				ENABLE_STRICT_OBJC_MSGSEND = YES;
				GCC_C_LANGUAGE_STANDARD = gnu99;
				GCC_WARN_64_TO_32_BIT_CONVERSION = YES;
				GCC_WARN_ABOUT_RETURN_TYPE = YES_ERROR;
				GCC_WARN_UNDECLARED_SELECTOR = YES;
				GCC_WARN_UNINITIALIZED_AUTOS = YES_AGGRESSIVE;
				GCC_WARN_UNUSED_FUNCTION = YES;
				GCC_WARN_UNUSED_VARIABLE = YES;
				IPHONEOS_DEPLOYMENT_TARGET = 8.0;
				METAL_ENABLE_DEBUG_INFO = NO;
				SDKROOT = iphoneos;
				TARGETED_DEVICE_FAMILY = "1,2";
				VALIDATE_PRODUCT = YES;
				VERSIONING_SYSTEM = "apple-generic";
				VERSION_INFO_PREFIX = "";
			};
			name = Release;
		};
		0A9EBBBC195F359100C62D38 /* Debug */ = {
			isa = XCBuildConfiguration;
			baseConfigurationReference = B7B50BAA491B617232FFB11B /* Pods.debug.xcconfig */;
			buildSettings = {
				CLANG_ENABLE_MODULES = YES;
				DEFINES_MODULE = YES;
				DYLIB_COMPATIBILITY_VERSION = 1;
				DYLIB_CURRENT_VERSION = 1;
				DYLIB_INSTALL_NAME_BASE = "@rpath";
				EMBEDDED_CONTENT_CONTAINS_SWIFT = YES;
				FRAMEWORK_SEARCH_PATHS = (
					"$(inherited)",
					"$(PROJECT_DIR)",
				);
				INFOPLIST_FILE = Sanity/Info.plist;
				INSTALL_PATH = "$(LOCAL_LIBRARY_DIR)/Frameworks";
				LD_RUNPATH_SEARCH_PATHS = "$(inherited) @executable_path/Frameworks @loader_path/Frameworks";
				PRODUCT_NAME = "$(TARGET_NAME)";
				SKIP_INSTALL = YES;
				SWIFT_OPTIMIZATION_LEVEL = "-Onone";
			};
			name = Debug;
		};
		0A9EBBBD195F359100C62D38 /* Release */ = {
			isa = XCBuildConfiguration;
			baseConfigurationReference = B2B9EF51E256307D912B23DB /* Pods.release.xcconfig */;
			buildSettings = {
				CLANG_ENABLE_MODULES = YES;
				DEFINES_MODULE = YES;
				DYLIB_COMPATIBILITY_VERSION = 1;
				DYLIB_CURRENT_VERSION = 1;
				DYLIB_INSTALL_NAME_BASE = "@rpath";
				EMBEDDED_CONTENT_CONTAINS_SWIFT = YES;
				FRAMEWORK_SEARCH_PATHS = (
					"$(inherited)",
					"$(PROJECT_DIR)",
				);
				INFOPLIST_FILE = Sanity/Info.plist;
				INSTALL_PATH = "$(LOCAL_LIBRARY_DIR)/Frameworks";
				LD_RUNPATH_SEARCH_PATHS = "$(inherited) @executable_path/Frameworks @loader_path/Frameworks";
				PRODUCT_NAME = "$(TARGET_NAME)";
				SKIP_INSTALL = YES;
			};
			name = Release;
		};
		0A9EBBBF195F359100C62D38 /* Debug */ = {
			isa = XCBuildConfiguration;
			baseConfigurationReference = B7B50BAA491B617232FFB11B /* Pods.debug.xcconfig */;
			buildSettings = {
				CLANG_ENABLE_MODULES = YES;
				FRAMEWORK_SEARCH_PATHS = (
					"$(SDKROOT)/Developer/Library/Frameworks",
					"$(inherited)",
					"$(PROJECT_DIR)",
				);
				GCC_PREPROCESSOR_DEFINITIONS = (
					"DEBUG=1",
					"$(inherited)",
				);
				INFOPLIST_FILE = SanityTests/Info.plist;
				LD_RUNPATH_SEARCH_PATHS = "$(inherited) @executable_path/Frameworks @loader_path/Frameworks";
				METAL_ENABLE_DEBUG_INFO = YES;
				PRODUCT_NAME = "$(TARGET_NAME)";
				SWIFT_OPTIMIZATION_LEVEL = "-Onone";
			};
			name = Debug;
		};
		0A9EBBC0195F359100C62D38 /* Release */ = {
			isa = XCBuildConfiguration;
			baseConfigurationReference = B2B9EF51E256307D912B23DB /* Pods.release.xcconfig */;
			buildSettings = {
				CLANG_ENABLE_MODULES = YES;
				FRAMEWORK_SEARCH_PATHS = (
					"$(SDKROOT)/Developer/Library/Frameworks",
					"$(inherited)",
					"$(PROJECT_DIR)",
				);
				INFOPLIST_FILE = SanityTests/Info.plist;
				LD_RUNPATH_SEARCH_PATHS = "$(inherited) @executable_path/Frameworks @loader_path/Frameworks";
				METAL_ENABLE_DEBUG_INFO = NO;
				PRODUCT_NAME = "$(TARGET_NAME)";
			};
			name = Release;
		};
/* End XCBuildConfiguration section */

/* Begin XCConfigurationList section */
		0A3E95BA1AB60C5800AF2164 /* Build configuration list for PBXNativeTarget "TestableApp" */ = {
			isa = XCConfigurationList;
			buildConfigurations = (
				0A3E95B61AB60C5800AF2164 /* Debug */,
				0A3E95B71AB60C5800AF2164 /* Release */,
			);
			defaultConfigurationIsVisible = 0;
		};
		0A9EBB9F195F359100C62D38 /* Build configuration list for PBXProject "Sanity" */ = {
			isa = XCConfigurationList;
			buildConfigurations = (
				0A9EBBB9195F359100C62D38 /* Debug */,
				0A9EBBBA195F359100C62D38 /* Release */,
			);
			defaultConfigurationIsVisible = 0;
			defaultConfigurationName = Release;
		};
		0A9EBBBB195F359100C62D38 /* Build configuration list for PBXNativeTarget "Sanity" */ = {
			isa = XCConfigurationList;
			buildConfigurations = (
				0A9EBBBC195F359100C62D38 /* Debug */,
				0A9EBBBD195F359100C62D38 /* Release */,
			);
			defaultConfigurationIsVisible = 0;
			defaultConfigurationName = Release;
		};
		0A9EBBBE195F359100C62D38 /* Build configuration list for PBXNativeTarget "SanityTests" */ = {
			isa = XCConfigurationList;
			buildConfigurations = (
				0A9EBBBF195F359100C62D38 /* Debug */,
				0A9EBBC0195F359100C62D38 /* Release */,
			);
			defaultConfigurationIsVisible = 0;
			defaultConfigurationName = Release;
		};
/* End XCConfigurationList section */
	};
	rootObject = 0A9EBB9C195F359100C62D38 /* Project object */;
}
